
Microsoft Visual Studio Solution File, Format Version 12.00
# Visual Studio Version 16
VisualStudioVersion = 16.0.30104.148
MinimumVisualStudioVersion = 10.0.40219.1
Project("{FAE04EC0-301F-11D3-BF4B-00C04F79EFBC}") = "Sample01", "Sample01\Sample01.csproj", "{D92EE39E-EA13-4FA6-B7BC-AF4443DEB5D1}"
EndProject
Project("{FAE04EC0-301F-11D3-BF4B-00C04F79EFBC}") = "Sample01Tests", "Sample01Tests\Sample01Tests.csproj", "{4F8AD967-80CC-4A97-9241-99F0F459ACB8}"
EndProject
Global
	GlobalSection(SolutionConfigurationPlatforms) = preSolution
		Debug|Any CPU = Debug|Any CPU
		Release|Any CPU = Release|Any CPU
	EndGlobalSection
	GlobalSection(ProjectConfigurationPlatforms) = postSolution
		{D92EE39E-EA13-4FA6-B7BC-AF4443DEB5D1}.Debug|Any CPU.ActiveCfg = Debug|Any CPU
		{D92EE39E-EA13-4FA6-B7BC-AF4443DEB5D1}.Debug|Any CPU.Build.0 = Debug|Any CPU
		{D92EE39E-EA13-4FA6-B7BC-AF4443DEB5D1}.Release|Any CPU.ActiveCfg = Release|Any CPU
		{D92EE39E-EA13-4FA6-B7BC-AF4443DEB5D1}.Release|Any CPU.Build.0 = Release|Any CPU
		{4F8AD967-80CC-4A97-9241-99F0F459ACB8}.Debug|Any CPU.ActiveCfg = Debug|Any CPU
		{4F8AD967-80CC-4A97-9241-99F0F459ACB8}.Debug|Any CPU.Build.0 = Debug|Any CPU
		{4F8AD967-80CC-4A97-9241-99F0F459ACB8}.Release|Any CPU.ActiveCfg = Release|Any CPU
		{4F8AD967-80CC-4A97-9241-99F0F459ACB8}.Release|Any CPU.Build.0 = Release|Any CPU
	EndGlobalSection
	GlobalSection(SolutionProperties) = preSolution
		HideSolutionNode = FALSE
	EndGlobalSection
	GlobalSection(ExtensibilityGlobals) = postSolution
		SolutionGuid = {72448600-DABD-4A04-ADE7-BAE27EBAEB33}
	EndGlobalSection
EndGlobal
